
Microsoft Visual Studio Solution File, Format Version 12.00
# Visual Studio Version 17
VisualStudioVersion = 17.7.34018.315
MinimumVisualStudioVersion = 10.0.40219.1
Project("{FAE04EC0-301F-11D3-BF4B-00C04F79EFBC}") = "TP1_P3", "TP1_P3.csproj", "{F2FDFD4D-890C-4400-B4E0-21225AD80231}"
EndProject
Global
	GlobalSection(SolutionConfigurationPlatforms) = preSolution
		Debug|Any CPU = Debug|Any CPU
		Release|Any CPU = Release|Any CPU
	EndGlobalSection
	GlobalSection(ProjectConfigurationPlatforms) = postSolution
		{F2FDFD4D-890C-4400-B4E0-21225AD80231}.Debug|Any CPU.ActiveCfg = Debug|Any CPU
		{F2FDFD4D-890C-4400-B4E0-21225AD80231}.Debug|Any CPU.Build.0 = Debug|Any CPU
		{F2FDFD4D-890C-4400-B4E0-21225AD80231}.Release|Any CPU.ActiveCfg = Release|Any CPU
		{F2FDFD4D-890C-4400-B4E0-21225AD80231}.Release|Any CPU.Build.0 = Release|Any CPU
	EndGlobalSection
	GlobalSection(SolutionProperties) = preSolution
		HideSolutionNode = FALSE
	EndGlobalSection
	GlobalSection(ExtensibilityGlobals) = postSolution
		SolutionGuid = {7F7E4CDC-6E89-4A6A-A04F-D08699EB289E}
	EndGlobalSection
EndGlobal
